{
  "lib/erc7579-implementation": {
    "tag": {
      "name": "v0.0.2",
      "rev": "0f321b8544cea7ad3be1b5669c7998329636ef84"
    }
  },
  "lib/forge-std": {
    "tag": {
      "name": "v1.12.0",
      "rev": "7117c90c8cf6c68e5acce4f09a6b24715cea4de6"
    }
  },
  "lib/openzeppelin-contracts": {
    "tag": {
      "name": "v5.5.0",
      "rev": "fcbae5394ae8ad52d8e580a3477db99814b9d565"
    }
  }
}